
Microsoft Visual Studio Solution File, Format Version 12.00
# Visual Studio Version 16
VisualStudioVersion = 16.0.30804.86
MinimumVisualStudioVersion = 10.0.40219.1
Project("{FAE04EC0-301F-11D3-BF4B-00C04F79EFBC}") = "Arcade Arena", "Arcade Arena\Arcade Arena.csproj", "{2BFBD8E7-E2E0-4B81-8042-D96BC8BCD643}"
EndProject
Project("{FAE04EC0-301F-11D3-BF4B-00C04F79EFBC}") = "Arcade Arena.Server", "Arcade Arena.Server\Arcade Arena.Server.csproj", "{4E1B2BD1-05FB-470B-8150-42AB58D13A56}"
EndProject
Project("{FAE04EC0-301F-11D3-BF4B-00C04F79EFBC}") = "Arcade Arena.Library", "Arcade Arena.Library\Arcade Arena.Library.csproj", "{BDD1E231-9537-40F3-8191-62AFD2E62E3A}"
EndProject
Global
	GlobalSection(SolutionConfigurationPlatforms) = preSolution
		Debug|Any CPU = Debug|Any CPU
		Debug|x86 = Debug|x86
		Release|Any CPU = Release|Any CPU
		Release|x86 = Release|x86
	EndGlobalSection
	GlobalSection(ProjectConfigurationPlatforms) = postSolution
		{2BFBD8E7-E2E0-4B81-8042-D96BC8BCD643}.Debug|Any CPU.ActiveCfg = Debug|x86
		{2BFBD8E7-E2E0-4B81-8042-D96BC8BCD643}.Debug|x86.ActiveCfg = Debug|x86
		{2BFBD8E7-E2E0-4B81-8042-D96BC8BCD643}.Debug|x86.Build.0 = Debug|x86
		{2BFBD8E7-E2E0-4B81-8042-D96BC8BCD643}.Release|Any CPU.ActiveCfg = Release|x86
		{2BFBD8E7-E2E0-4B81-8042-D96BC8BCD643}.Release|x86.ActiveCfg = Release|x86
		{2BFBD8E7-E2E0-4B81-8042-D96BC8BCD643}.Release|x86.Build.0 = Release|x86
		{4E1B2BD1-05FB-470B-8150-42AB58D13A56}.Debug|Any CPU.ActiveCfg = Debug|Any CPU
		{4E1B2BD1-05FB-470B-8150-42AB58D13A56}.Debug|Any CPU.Build.0 = Debug|Any CPU
		{4E1B2BD1-05FB-470B-8150-42AB58D13A56}.Debug|x86.ActiveCfg = Debug|Any CPU
		{4E1B2BD1-05FB-470B-8150-42AB58D13A56}.Debug|x86.Build.0 = Debug|Any CPU
		{4E1B2BD1-05FB-470B-8150-42AB58D13A56}.Release|Any CPU.ActiveCfg = Release|Any CPU
		{4E1B2BD1-05FB-470B-8150-42AB58D13A56}.Release|Any CPU.Build.0 = Release|Any CPU
		{4E1B2BD1-05FB-470B-8150-42AB58D13A56}.Release|x86.ActiveCfg = Release|Any CPU
		{4E1B2BD1-05FB-470B-8150-42AB58D13A56}.Release|x86.Build.0 = Release|Any CPU
		{BDD1E231-9537-40F3-8191-62AFD2E62E3A}.Debug|Any CPU.ActiveCfg = Debug|Any CPU
		{BDD1E231-9537-40F3-8191-62AFD2E62E3A}.Debug|Any CPU.Build.0 = Debug|Any CPU
		{BDD1E231-9537-40F3-8191-62AFD2E62E3A}.Debug|x86.ActiveCfg = Debug|Any CPU
		{BDD1E231-9537-40F3-8191-62AFD2E62E3A}.Debug|x86.Build.0 = Debug|Any CPU
		{BDD1E231-9537-40F3-8191-62AFD2E62E3A}.Release|Any CPU.ActiveCfg = Release|Any CPU
		{BDD1E231-9537-40F3-8191-62AFD2E62E3A}.Release|Any CPU.Build.0 = Release|Any CPU
		{BDD1E231-9537-40F3-8191-62AFD2E62E3A}.Release|x86.ActiveCfg = Release|Any CPU
		{BDD1E231-9537-40F3-8191-62AFD2E62E3A}.Release|x86.Build.0 = Release|Any CPU
	EndGlobalSection
	GlobalSection(SolutionProperties) = preSolution
		HideSolutionNode = FALSE
	EndGlobalSection
	GlobalSection(ExtensibilityGlobals) = postSolution
		SolutionGuid = {1D735CE5-35DD-4A52-A494-540DEF420D69}
	EndGlobalSection
EndGlobal
